{
  "originHash" : "4af203dacefa4bacc34f0b2aea241c9718570b1f49358ff4a74d8c39e923dd5a",
  "pins" : [
    {
      "identity" : "swift-argument-parser",
      "kind" : "remoteSourceControl",
      "location" : "https://github.com/apple/swift-argument-parser",
      "state" : {
        "revision" : "6a52f3251125d74daf04fcbd5e6f08a75d074382",
        "version" : "1.8.2"
      }
    },
    {
      "identity" : "swiftterm",
      "kind" : "remoteSourceControl",
      "location" : "https://github.com/migueldeicaza/SwiftTerm",
      "state" : {
        "revision" : "5d14406844143538cd8f8851d2d8a67c1fe443e5",
        "version" : "1.20.0"
      }
    }
  ],
  "version" : 3
}
